
Microsoft Visual Studio Solution File, Format Version 12.00
# Visual Studio Version 16
VisualStudioVersion = 16.0.29403.142
MinimumVisualStudioVersion = 10.0.40219.1
Project("{8BC9CEB8-8B4A-11D0-8D11-00A0C91BC942}") = "fx-CG50SNAKE", "fx-CG50SNAKE.vcxproj", "{62DE0689-C1F8-4E0A-9BBC-E3D83A8F05F4}"
EndProject
Global
	GlobalSection(SolutionConfigurationPlatforms) = preSolution
		Debug|x64 = Debug|x64
		Debug|x86 = Debug|x86
		Release|x64 = Release|x64
		Release|x86 = Release|x86
	EndGlobalSection
	GlobalSection(ProjectConfigurationPlatforms) = postSolution
		{62DE0689-C1F8-4E0A-9BBC-E3D83A8F05F4}.Debug|x64.ActiveCfg = Debug|x64
		{62DE0689-C1F8-4E0A-9BBC-E3D83A8F05F4}.Debug|x64.Build.0 = Debug|x64
		{62DE0689-C1F8-4E0A-9BBC-E3D83A8F05F4}.Debug|x86.ActiveCfg = Debug|Win32
		{62DE0689-C1F8-4E0A-9BBC-E3D83A8F05F4}.Debug|x86.Build.0 = Debug|Win32
		{62DE0689-C1F8-4E0A-9BBC-E3D83A8F05F4}.Release|x64.ActiveCfg = Release|x64
		{62DE0689-C1F8-4E0A-9BBC-E3D83A8F05F4}.Release|x64.Build.0 = Release|x64
		{62DE0689-C1F8-4E0A-9BBC-E3D83A8F05F4}.Release|x86.ActiveCfg = Release|Win32
		{62DE0689-C1F8-4E0A-9BBC-E3D83A8F05F4}.Release|x86.Build.0 = Release|Win32
	EndGlobalSection
	GlobalSection(SolutionProperties) = preSolution
		HideSolutionNode = FALSE
	EndGlobalSection
	GlobalSection(ExtensibilityGlobals) = postSolution
		SolutionGuid = {64D6C3CF-8F16-4597-8A46-BEE505AD0D9B}
	EndGlobalSection
EndGlobal
